{
  "name": "10 Projects",
  "lockfileVersion": 3,
  "requires": true,
  "packages": {
    "": {
      "dependencies": {
        "@fontsource/ubuntu": "^5.0.5"
      }
    },
    "node_modules/@fontsource/ubuntu": {
      "version": "5.0.5",
      "resolved": "https://registry.npmjs.org/@fontsource/ubuntu/-/ubuntu-5.0.5.tgz",
      "integrity": "sha512-vJqPPFLGKeqcj5pn0X6M2wvJykJJVLtb5cDzpCPaWmwxVp0IpjjQjo2rWWQpOqYPvyhel+QGWo6/7tVL9YXCYg=="
    }
  }
}
